{
  "name": "home-page",
  "lockfileVersion": 3,
  "requires": true,
  "packages": {
    "": {
      "dependencies": {
        "@fontsource/mulish": "^5.0.8"
      }
    },
    "node_modules/@fontsource/mulish": {
      "version": "5.0.8",
      "resolved": "https://registry.npmjs.org/@fontsource/mulish/-/mulish-5.0.8.tgz",
      "integrity": "sha512-3XWTEYs9FYAL5mgF60NCo9b8+D1OgURPMcmQYkEZt7BEGlRveTwSIRvTcqRjD0UEM9Vzv1MkeolsBytvveL4GA=="
    }
  }
}
